// !$*UTF8*$!
{
	archiveVersion = 1;
	classes = {
	};
	objectVersion = 56;
	objects = {

/* Begin PBXBuildFile section */
		7F3506AD2A91E2F40072EAAB /* Hood_SwiftApp.swift in Sources */ = {isa = PBXBuildFile; fileRef = 7F3506AC2A91E2F40072EAAB /* Hood_SwiftApp.swift */; };
		7F3506AF2A91E2F40072EAAB /* ContentView.swift in Sources */ = {isa = PBXBuildFile; fileRef = 7F3506AE2A91E2F40072EAAB /* ContentView.swift */; };
		7F3506B12A91E2F70072EAAB /* Assets.xcassets in Resources */ = {isa = PBXBuildFile; fileRef = 7F3506B02A91E2F70072EAAB /* Assets.xcassets */; };
		7F3506B42A91E2F70072EAAB /* Preview Assets.xcassets in Resources */ = {isa = PBXBuildFile; fileRef = 7F3506B32A91E2F70072EAAB /* Preview Assets.xcassets */; };
		7F3506BE2A91E2F70072EAAB /* Hood_SwiftTests.swift in Sources */ = {isa = PBXBuildFile; fileRef = 7F3506BD2A91E2F70072EAAB /* Hood_SwiftTests.swift */; };
		7F3506C82A91E2F70072EAAB /* Hood_SwiftUITests.swift in Sources */ = {isa = PBXBuildFile; fileRef = 7F3506C72A91E2F70072EAAB /* Hood_SwiftUITests.swift */; };
		7F3506CA2A91E2F70072EAAB /* Hood_SwiftUITestsLaunchTests.swift in Sources */ = {isa = PBXBuildFile; fileRef = 7F3506C92A91E2F70072EAAB /* Hood_SwiftUITestsLaunchTests.swift */; };
/* End PBXBuildFile section */

/* Begin PBXContainerItemProxy section */
		7F3506BA2A91E2F70072EAAB /* PBXContainerItemProxy */ = {
			isa = PBXContainerItemProxy;
			containerPortal = 7F3506A12A91E2F40072EAAB /* Project object */;
			proxyType = 1;
			remoteGlobalIDString = 7F3506A82A91E2F40072EAAB;
			remoteInfo = "Hood Swift";
		};
		7F3506C42A91E2F70072EAAB /* PBXContainerItemProxy */ = {
			isa = PBXContainerItemProxy;
			containerPortal = 7F3506A12A91E2F40072EAAB /* Project object */;
			proxyType = 1;
			remoteGlobalIDString = 7F3506A82A91E2F40072EAAB;
			remoteInfo = "Hood Swift";
		};
/* End PBXContainerItemProxy section */

/* Begin PBXFileReference section */
		7F3506A92A91E2F40072EAAB /* Hood Swift.app */ = {isa = PBXFileReference; explicitFileType = wrapper.application; includeInIndex = 0; path = "Hood Swift.app"; sourceTree = BUILT_PRODUCTS_DIR; };
		7F3506AC2A91E2F40072EAAB /* Hood_SwiftApp.swift */ = {isa = PBXFileReference; lastKnownFileType = sourcecode.swift; path = Hood_SwiftApp.swift; sourceTree = "<group>"; };
		7F3506AE2A91E2F40072EAAB /* ContentView.swift */ = {isa = PBXFileReference; lastKnownFileType = sourcecode.swift; path = ContentView.swift; sourceTree = "<group>"; };
		7F3506B02A91E2F70072EAAB /* Assets.xcassets */ = {isa = PBXFileReference; lastKnownFileType = folder.assetcatalog; path = Assets.xcassets; sourceTree = "<group>"; };
		7F3506B32A91E2F70072EAAB /* Preview Assets.xcassets */ = {isa = PBXFileReference; lastKnownFileType = folder.assetcatalog; path = "Preview Assets.xcassets"; sourceTree = "<group>"; };
		7F3506B92A91E2F70072EAAB /* Hood SwiftTests.xctest */ = {isa = PBXFileReference; explicitFileType = wrapper.cfbundle; includeInIndex = 0; path = "Hood SwiftTests.xctest"; sourceTree = BUILT_PRODUCTS_DIR; };
		7F3506BD2A91E2F70072EAAB /* Hood_SwiftTests.swift */ = {isa = PBXFileReference; lastKnownFileType = sourcecode.swift; path = Hood_SwiftTests.swift; sourceTree = "<group>"; };
		7F3506C32A91E2F70072EAAB /* Hood SwiftUITests.xctest */ = {isa = PBXFileReference; explicitFileType = wrapper.cfbundle; includeInIndex = 0; path = "Hood SwiftUITests.xctest"; sourceTree = BUILT_PRODUCTS_DIR; };
		7F3506C72A91E2F70072EAAB /* Hood_SwiftUITests.swift */ = {isa = PBXFileReference; lastKnownFileType = sourcecode.swift; path = Hood_SwiftUITests.swift; sourceTree = "<group>"; };
		7F3506C92A91E2F70072EAAB /* Hood_SwiftUITestsLaunchTests.swift */ = {isa = PBXFileReference; lastKnownFileType = sourcecode.swift; path = Hood_SwiftUITestsLaunchTests.swift; sourceTree = "<group>"; };
/* End PBXFileReference section */

/* Begin PBXFrameworksBuildPhase section */
		7F3506A62A91E2F40072EAAB /* Frameworks */ = {
			isa = PBXFrameworksBuildPhase;
			buildActionMask = 2147483647;
			files = (
			);
			runOnlyForDeploymentPostprocessing = 0;
		};
		7F3506B62A91E2F70072EAAB /* Frameworks */ = {
			isa = PBXFrameworksBuildPhase;
			buildActionMask = 2147483647;
			files = (
			);
			runOnlyForDeploymentPostprocessing = 0;
		};
		7F3506C02A91E2F70072EAAB /* Frameworks */ = {
			isa = PBXFrameworksBuildPhase;
			buildActionMask = 2147483647;
			files = (
			);
			runOnlyForDeploymentPostprocessing = 0;
		};
/* End PBXFrameworksBuildPhase section */

/* Begin PBXGroup section */
		7F3506A02A91E2F40072EAAB = {
			isa = PBXGroup;
			children = (
				7F3506AB2A91E2F40072EAAB /* Hood Swift */,
				7F3506BC2A91E2F70072EAAB /* Hood SwiftTests */,
				7F3506C62A91E2F70072EAAB /* Hood SwiftUITests */,
				7F3506AA2A91E2F40072EAAB /* Products */,
			);
			sourceTree = "<group>";
		};
		7F3506AA2A91E2F40072EAAB /* Products */ = {
			isa = PBXGroup;
			children = (
				7F3506A92A91E2F40072EAAB /* Hood Swift.app */,
				7F3506B92A91E2F70072EAAB /* Hood SwiftTests.xctest */,
				7F3506C32A91E2F70072EAAB /* Hood SwiftUITests.xctest */,
			);
			name = Products;
			sourceTree = "<group>";
		};
		7F3506AB2A91E2F40072EAAB /* Hood Swift */ = {
			isa = PBXGroup;
			children = (
				7F3506AC2A91E2F40072EAAB /* Hood_SwiftApp.swift */,
				7F3506AE2A91E2F40072EAAB /* ContentView.swift */,
				7F3506B02A91E2F70072EAAB /* Assets.xcassets */,
				7F3506B22A91E2F70072EAAB /* Preview Content */,
			);
			path = "Hood Swift";
			sourceTree = "<group>";
		};
		7F3506B22A91E2F70072EAAB /* Preview Content */ = {
			isa = PBXGroup;
			children = (
				7F3506B32A91E2F70072EAAB /* Preview Assets.xcassets */,
			);
			path = "Preview Content";
			sourceTree = "<group>";
		};
		7F3506BC2A91E2F70072EAAB /* Hood SwiftTests */ = {
			isa = PBXGroup;
			children = (
				7F3506BD2A91E2F70072EAAB /* Hood_SwiftTests.swift */,
			);
			path = "Hood SwiftTests";
			sourceTree = "<group>";
		};
		7F3506C62A91E2F70072EAAB /* Hood SwiftUITests */ = {
			isa = PBXGroup;
			children = (
				7F3506C72A91E2F70072EAAB /* Hood_SwiftUITests.swift */,
				7F3506C92A91E2F70072EAAB /* Hood_SwiftUITestsLaunchTests.swift */,
			);
			path = "Hood SwiftUITests";
			sourceTree = "<group>";
		};
/* End PBXGroup section */

/* Begin PBXNativeTarget section */
		7F3506A82A91E2F40072EAAB /* Hood Swift */ = {
			isa = PBXNativeTarget;
			buildConfigurationList = 7F3506CD2A91E2F70072EAAB /* Build configuration list for PBXNativeTarget "Hood Swift" */;
			buildPhases = (
				7F3506A52A91E2F40072EAAB /* Sources */,
				7F3506A62A91E2F40072EAAB /* Frameworks */,
				7F3506A72A91E2F40072EAAB /* Resources */,
			);
			buildRules = (
			);
			dependencies = (
			);
			name = "Hood Swift";
			productName = "Hood Swift";
			productReference = 7F3506A92A91E2F40072EAAB /* Hood Swift.app */;
			productType = "com.apple.product-type.application";
		};
		7F3506B82A91E2F70072EAAB /* Hood SwiftTests */ = {
			isa = PBXNativeTarget;
			buildConfigurationList = 7F3506D02A91E2F70072EAAB /* Build configuration list for PBXNativeTarget "Hood SwiftTests" */;
			buildPhases = (
				7F3506B52A91E2F70072EAAB /* Sources */,
				7F3506B62A91E2F70072EAAB /* Frameworks */,
				7F3506B72A91E2F70072EAAB /* Resources */,
			);
			buildRules = (
			);
			dependencies = (
				7F3506BB2A91E2F70072EAAB /* PBXTargetDependency */,
			);
			name = "Hood SwiftTests";
			productName = "Hood SwiftTests";
			productReference = 7F3506B92A91E2F70072EAAB /* Hood SwiftTests.xctest */;
			productType = "com.apple.product-type.bundle.unit-test";
		};
		7F3506C22A91E2F70072EAAB /* Hood SwiftUITests */ = {
			isa = PBXNativeTarget;
			buildConfigurationList = 7F3506D32A91E2F70072EAAB /* Build configuration list for PBXNativeTarget "Hood SwiftUITests" */;
			buildPhases = (
				7F3506BF2A91E2F70072EAAB /* Sources */,
				7F3506C02A91E2F70072EAAB /* Frameworks */,
				7F3506C12A91E2F70072EAAB /* Resources */,
			);
			buildRules = (
			);
			dependencies = (
				7F3506C52A91E2F70072EAAB /* PBXTargetDependency */,
			);
			name = "Hood SwiftUITests";
			productName = "Hood SwiftUITests";
			productReference = 7F3506C32A91E2F70072EAAB /* Hood SwiftUITests.xctest */;
			productType = "com.apple.product-type.bundle.ui-testing";
		};
/* End PBXNativeTarget section */

/* Begin PBXProject section */
		7F3506A12A91E2F40072EAAB /* Project object */ = {
			isa = PBXProject;
			attributes = {
				BuildIndependentTargetsInParallel = 1;
				LastSwiftUpdateCheck = 1500;
				LastUpgradeCheck = 1500;
				TargetAttributes = {
					7F3506A82A91E2F40072EAAB = {
						CreatedOnToolsVersion = 15.0;
					};
					7F3506B82A91E2F70072EAAB = {
						CreatedOnToolsVersion = 15.0;
						TestTargetID = 7F3506A82A91E2F40072EAAB;
					};
					7F3506C22A91E2F70072EAAB = {
						CreatedOnToolsVersion = 15.0;
						TestTargetID = 7F3506A82A91E2F40072EAAB;
					};
				};
			};
			buildConfigurationList = 7F3506A42A91E2F40072EAAB /* Build configuration list for PBXProject "Hood Swift" */;
			compatibilityVersion = "Xcode 14.0";
			developmentRegion = en;
			hasScannedForEncodings = 0;
			knownRegions = (
				en,
				Base,
			);
			mainGroup = 7F3506A02A91E2F40072EAAB;
			productRefGroup = 7F3506AA2A91E2F40072EAAB /* Products */;
			projectDirPath = "";
			projectRoot = "";
			targets = (
				7F3506A82A91E2F40072EAAB /* Hood Swift */,
				7F3506B82A91E2F70072EAAB /* Hood SwiftTests */,
				7F3506C22A91E2F70072EAAB /* Hood SwiftUITests */,
			);
		};
/* End PBXProject section */

/* Begin PBXResourcesBuildPhase section */
		7F3506A72A91E2F40072EAAB /* Resources */ = {
			isa = PBXResourcesBuildPhase;
			buildActionMask = 2147483647;
			files = (
				7F3506B42A91E2F70072EAAB /* Preview Assets.xcassets in Resources */,
				7F3506B12A91E2F70072EAAB /* Assets.xcassets in Resources */,
			);
			runOnlyForDeploymentPostprocessing = 0;
		};
		7F3506B72A91E2F70072EAAB /* Resources */ = {
			isa = PBXResourcesBuildPhase;
			buildActionMask = 2147483647;
			files = (
			);
			runOnlyForDeploymentPostprocessing = 0;
		};
		7F3506C12A91E2F70072EAAB /* Resources */ = {
			isa = PBXResourcesBuildPhase;
			buildActionMask = 2147483647;
			files = (
			);
			runOnlyForDeploymentPostprocessing = 0;
		};
/* End PBXResourcesBuildPhase section */

/* Begin PBXSourcesBuildPhase section */
		7F3506A52A91E2F40072EAAB /* Sources */ = {
			isa = PBXSourcesBuildPhase;
			buildActionMask = 2147483647;
			files = (
				7F3506AF2A91E2F40072EAAB /* ContentView.swift in Sources */,
				7F3506AD2A91E2F40072EAAB /* Hood_SwiftApp.swift in Sources */,
			);
			runOnlyForDeploymentPostprocessing = 0;
		};
		7F3506B52A91E2F70072EAAB /* Sources */ = {
			isa = PBXSourcesBuildPhase;
			buildActionMask = 2147483647;
			files = (
				7F3506BE2A91E2F70072EAAB /* Hood_SwiftTests.swift in Sources */,
			);
			runOnlyForDeploymentPostprocessing = 0;
		};
		7F3506BF2A91E2F70072EAAB /* Sources */ = {
			isa = PBXSourcesBuildPhase;
			buildActionMask = 2147483647;
			files = (
				7F3506CA2A91E2F70072EAAB /* Hood_SwiftUITestsLaunchTests.swift in Sources */,
				7F3506C82A91E2F70072EAAB /* Hood_SwiftUITests.swift in Sources */,
			);
			runOnlyForDeploymentPostprocessing = 0;
		};
/* End PBXSourcesBuildPhase section */

/* Begin PBXTargetDependency section */
		7F3506BB2A91E2F70072EAAB /* PBXTargetDependency */ = {
			isa = PBXTargetDependency;
			target = 7F3506A82A91E2F40072EAAB /* Hood Swift */;
			targetProxy = 7F3506BA2A91E2F70072EAAB /* PBXContainerItemProxy */;
		};
		7F3506C52A91E2F70072EAAB /* PBXTargetDependency */ = {
			isa = PBXTargetDependency;
			target = 7F3506A82A91E2F40072EAAB /* Hood Swift */;
			targetProxy = 7F3506C42A91E2F70072EAAB /* PBXContainerItemProxy */;
		};
/* End PBXTargetDependency section */

/* Begin XCBuildConfiguration section */
		7F3506CB2A91E2F70072EAAB /* Debug */ = {
			isa = XCBuildConfiguration;
			buildSettings = {
				ALWAYS_SEARCH_USER_PATHS = NO;
				ASSETCATALOG_COMPILER_GENERATE_SWIFT_ASSET_SYMBOL_EXTENSIONS = YES;
				CLANG_ANALYZER_NONNULL = YES;
				CLANG_ANALYZER_NUMBER_OBJECT_CONVERSION = YES_AGGRESSIVE;
				CLANG_CXX_LANGUAGE_STANDARD = "gnu++20";
				CLANG_ENABLE_MODULES = YES;
				CLANG_ENABLE_OBJC_ARC = YES;
				CLANG_ENABLE_OBJC_WEAK = YES;
				CLANG_WARN_BLOCK_CAPTURE_AUTORELEASING = YES;
				CLANG_WARN_BOOL_CONVERSION = YES;
				CLANG_WARN_COMMA = YES;
				CLANG_WARN_CONSTANT_CONVERSION = YES;
				CLANG_WARN_DEPRECATED_OBJC_IMPLEMENTATIONS = YES;
				CLANG_WARN_DIRECT_OBJC_ISA_USAGE = YES_ERROR;
				CLANG_WARN_DOCUMENTATION_COMMENTS = YES;
				CLANG_WARN_EMPTY_BODY = YES;
				CLANG_WARN_ENUM_CONVERSION = YES;
				CLANG_WARN_INFINITE_RECURSION = YES;
				CLANG_WARN_INT_CONVERSION = YES;
				CLANG_WARN_NON_LITERAL_NULL_CONVERSION = YES;
				CLANG_WARN_OBJC_IMPLICIT_RETAIN_SELF = YES;
				CLANG_WARN_OBJC_LITERAL_CONVERSION = YES;
				CLANG_WARN_OBJC_ROOT_CLASS = YES_ERROR;
				CLANG_WARN_QUOTED_INCLUDE_IN_FRAMEWORK_HEADER = YES;
				CLANG_WARN_RANGE_LOOP_ANALYSIS = YES;
				CLANG_WARN_STRICT_PROTOTYPES = YES;
				CLANG_WARN_SUSPICIOUS_MOVE = YES;
				CLANG_WARN_UNGUARDED_AVAILABILITY = YES_AGGRESSIVE;
				CLANG_WARN_UNREACHABLE_CODE = YES;
				CLANG_WARN__DUPLICATE_METHOD_MATCH = YES;
				COPY_PHASE_STRIP = NO;
				DEBUG_INFORMATION_FORMAT = dwarf;
				ENABLE_STRICT_OBJC_MSGSEND = YES;
				ENABLE_TESTABILITY = YES;
				ENABLE_USER_SCRIPT_SANDBOXING = YES;
				GCC_C_LANGUAGE_STANDARD = gnu17;
				GCC_DYNAMIC_NO_PIC = NO;
				GCC_NO_COMMON_BLOCKS = YES;
				GCC_OPTIMIZATION_LEVEL = 0;
				GCC_PREPROCESSOR_DEFINITIONS = (
					"DEBUG=1",
					"$(inherited)",
				);
				GCC_WARN_64_TO_32_BIT_CONVERSION = YES;
				GCC_WARN_ABOUT_RETURN_TYPE = YES_ERROR;
				GCC_WARN_UNDECLARED_SELECTOR = YES;
				GCC_WARN_UNINITIALIZED_AUTOS = YES_AGGRESSIVE;
				GCC_WARN_UNUSED_FUNCTION = YES;
				GCC_WARN_UNUSED_VARIABLE = YES;
				IPHONEOS_DEPLOYMENT_TARGET = 17.0;
				LOCALIZATION_PREFERS_STRING_CATALOGS = YES;
				MTL_ENABLE_DEBUG_INFO = INCLUDE_SOURCE;
				MTL_FAST_MATH = YES;
				ONLY_ACTIVE_ARCH = YES;
				SDKROOT = iphoneos;
				SWIFT_ACTIVE_COMPILATION_CONDITIONS = "DEBUG $(inherited)";
				SWIFT_OPTIMIZATION_LEVEL = "-Onone";
			};
			name = Debug;
		};
		7F3506CC2A91E2F70072EAAB /* Release */ = {
			isa = XCBuildConfiguration;
			buildSettings = {
				ALWAYS_SEARCH_USER_PATHS = NO;
				ASSETCATALOG_COMPILER_GENERATE_SWIFT_ASSET_SYMBOL_EXTENSIONS = YES;
				CLANG_ANALYZER_NONNULL = YES;
				CLANG_ANALYZER_NUMBER_OBJECT_CONVERSION = YES_AGGRESSIVE;
				CLANG_CXX_LANGUAGE_STANDARD = "gnu++20";
				CLANG_ENABLE_MODULES = YES;
				CLANG_ENABLE_OBJC_ARC = YES;
				CLANG_ENABLE_OBJC_WEAK = YES;
				CLANG_WARN_BLOCK_CAPTURE_AUTORELEASING = YES;
				CLANG_WARN_BOOL_CONVERSION = YES;
				CLANG_WARN_COMMA = YES;
				CLANG_WARN_CONSTANT_CONVERSION = YES;
				CLANG_WARN_DEPRECATED_OBJC_IMPLEMENTATIONS = YES;
				CLANG_WARN_DIRECT_OBJC_ISA_USAGE = YES_ERROR;
				CLANG_WARN_DOCUMENTATION_COMMENTS = YES;
				CLANG_WARN_EMPTY_BODY = YES;
				CLANG_WARN_ENUM_CONVERSION = YES;
				CLANG_WARN_INFINITE_RECURSION = YES;
				CLANG_WARN_INT_CONVERSION = YES;
				CLANG_WARN_NON_LITERAL_NULL_CONVERSION = YES;
				CLANG_WARN_OBJC_IMPLICIT_RETAIN_SELF = YES;
				CLANG_WARN_OBJC_LITERAL_CONVERSION = YES;
				CLANG_WARN_OBJC_ROOT_CLASS = YES_ERROR;
				CLANG_WARN_QUOTED_INCLUDE_IN_FRAMEWORK_HEADER = YES;
				CLANG_WARN_RANGE_LOOP_ANALYSIS = YES;
				CLANG_WARN_STRICT_PROTOTYPES = YES;
				CLANG_WARN_SUSPICIOUS_MOVE = YES;
				CLANG_WARN_UNGUARDED_AVAILABILITY = YES_AGGRESSIVE;
				CLANG_WARN_UNREACHABLE_CODE = YES;
				CLANG_WARN__DUPLICATE_METHOD_MATCH = YES;
				COPY_PHASE_STRIP = NO;
				DEBUG_INFORMATION_FORMAT = "dwarf-with-dsym";
				ENABLE_NS_ASSERTIONS = NO;
				ENABLE_STRICT_OBJC_MSGSEND = YES;
				ENABLE_USER_SCRIPT_SANDBOXING = YES;
				GCC_C_LANGUAGE_STANDARD = gnu17;
				GCC_NO_COMMON_BLOCKS = YES;
				GCC_WARN_64_TO_32_BIT_CONVERSION = YES;
				GCC_WARN_ABOUT_RETURN_TYPE = YES_ERROR;
				GCC_WARN_UNDECLARED_SELECTOR = YES;
				GCC_WARN_UNINITIALIZED_AUTOS = YES_AGGRESSIVE;
				GCC_WARN_UNUSED_FUNCTION = YES;
				GCC_WARN_UNUSED_VARIABLE = YES;
				IPHONEOS_DEPLOYMENT_TARGET = 17.0;
				LOCALIZATION_PREFERS_STRING_CATALOGS = YES;
				MTL_ENABLE_DEBUG_INFO = NO;
				MTL_FAST_MATH = YES;
				SDKROOT = iphoneos;
				SWIFT_COMPILATION_MODE = wholemodule;
				VALIDATE_PRODUCT = YES;
			};
			name = Release;
		};
		7F3506CE2A91E2F70072EAAB /* Debug */ = {
			isa = XCBuildConfiguration;
			buildSettings = {
				ASSETCATALOG_COMPILER_APPICON_NAME = AppIcon;
				ASSETCATALOG_COMPILER_GLOBAL_ACCENT_COLOR_NAME = AccentColor;
				CODE_SIGN_STYLE = Automatic;
				CURRENT_PROJECT_VERSION = 1;
				DEVELOPMENT_ASSET_PATHS = "\"Hood Swift/Preview Content\"";
				DEVELOPMENT_TEAM = V22SRJBXN7;
				ENABLE_PREVIEWS = YES;
				GENERATE_INFOPLIST_FILE = YES;
				INFOPLIST_KEY_UIApplicationSceneManifest_Generation = YES;
				INFOPLIST_KEY_UIApplicationSupportsIndirectInputEvents = YES;
				INFOPLIST_KEY_UILaunchScreen_Generation = YES;
				INFOPLIST_KEY_UISupportedInterfaceOrientations_iPad = "UIInterfaceOrientationPortrait UIInterfaceOrientationPortraitUpsideDown UIInterfaceOrientationLandscapeLeft UIInterfaceOrientationLandscapeRight";
				INFOPLIST_KEY_UISupportedInterfaceOrientations_iPhone = "UIInterfaceOrientationPortrait UIInterfaceOrientationLandscapeLeft UIInterfaceOrientationLandscapeRight";
				LD_RUNPATH_SEARCH_PATHS = (
					"$(inherited)",
					"@executable_path/Frameworks",
				);
				MARKETING_VERSION = 1.0;
				PRODUCT_BUNDLE_IDENTIFIER = "hood.Hood-Swift";
				PRODUCT_NAME = "$(TARGET_NAME)";
				SWIFT_EMIT_LOC_STRINGS = YES;
				SWIFT_VERSION = 5.0;
				TARGETED_DEVICE_FAMILY = "1,2";
			};
			name = Debug;
		};
		7F3506CF2A91E2F70072EAAB /* Release */ = {
			isa = XCBuildConfiguration;
			buildSettings = {
				ASSETCATALOG_COMPILER_APPICON_NAME = AppIcon;
				ASSETCATALOG_COMPILER_GLOBAL_ACCENT_COLOR_NAME = AccentColor;
				CODE_SIGN_STYLE = Automatic;
				CURRENT_PROJECT_VERSION = 1;
				DEVELOPMENT_ASSET_PATHS = "\"Hood Swift/Preview Content\"";
				DEVELOPMENT_TEAM = V22SRJBXN7;
				ENABLE_PREVIEWS = YES;
				GENERATE_INFOPLIST_FILE = YES;
				INFOPLIST_KEY_UIApplicationSceneManifest_Generation = YES;
				INFOPLIST_KEY_UIApplicationSupportsIndirectInputEvents = YES;
				INFOPLIST_KEY_UILaunchScreen_Generation = YES;
				INFOPLIST_KEY_UISupportedInterfaceOrientations_iPad = "UIInterfaceOrientationPortrait UIInterfaceOrientationPortraitUpsideDown UIInterfaceOrientationLandscapeLeft UIInterfaceOrientationLandscapeRight";
				INFOPLIST_KEY_UISupportedInterfaceOrientations_iPhone = "UIInterfaceOrientationPortrait UIInterfaceOrientationLandscapeLeft UIInterfaceOrientationLandscapeRight";
				LD_RUNPATH_SEARCH_PATHS = (
					"$(inherited)",
					"@executable_path/Frameworks",
				);
				MARKETING_VERSION = 1.0;
				PRODUCT_BUNDLE_IDENTIFIER = "hood.Hood-Swift";
				PRODUCT_NAME = "$(TARGET_NAME)";
				SWIFT_EMIT_LOC_STRINGS = YES;
				SWIFT_VERSION = 5.0;
				TARGETED_DEVICE_FAMILY = "1,2";
			};
			name = Release;
		};
		7F3506D12A91E2F70072EAAB /* Debug */ = {
			isa = XCBuildConfiguration;
			buildSettings = {
				ALWAYS_EMBED_SWIFT_STANDARD_LIBRARIES = YES;
				BUNDLE_LOADER = "$(TEST_HOST)";
				CODE_SIGN_STYLE = Automatic;
				CURRENT_PROJECT_VERSION = 1;
				DEVELOPMENT_TEAM = V22SRJBXN7;
				GENERATE_INFOPLIST_FILE = YES;
				IPHONEOS_DEPLOYMENT_TARGET = 17.0;
				MARKETING_VERSION = 1.0;
				PRODUCT_BUNDLE_IDENTIFIER = "hood.Hood-SwiftTests";
				PRODUCT_NAME = "$(TARGET_NAME)";
				SWIFT_EMIT_LOC_STRINGS = NO;
				SWIFT_VERSION = 5.0;
				TARGETED_DEVICE_FAMILY = "1,2";
				TEST_HOST = "$(BUILT_PRODUCTS_DIR)/Hood Swift.app/$(BUNDLE_EXECUTABLE_FOLDER_PATH)/Hood Swift";
			};
			name = Debug;
		};
		7F3506D22A91E2F70072EAAB /* Release */ = {
			isa = XCBuildConfiguration;
			buildSettings = {
				ALWAYS_EMBED_SWIFT_STANDARD_LIBRARIES = YES;
				BUNDLE_LOADER = "$(TEST_HOST)";
				CODE_SIGN_STYLE = Automatic;
				CURRENT_PROJECT_VERSION = 1;
				DEVELOPMENT_TEAM = V22SRJBXN7;
				GENERATE_INFOPLIST_FILE = YES;
				IPHONEOS_DEPLOYMENT_TARGET = 17.0;
				MARKETING_VERSION = 1.0;
				PRODUCT_BUNDLE_IDENTIFIER = "hood.Hood-SwiftTests";
				PRODUCT_NAME = "$(TARGET_NAME)";
				SWIFT_EMIT_LOC_STRINGS = NO;
				SWIFT_VERSION = 5.0;
				TARGETED_DEVICE_FAMILY = "1,2";
				TEST_HOST = "$(BUILT_PRODUCTS_DIR)/Hood Swift.app/$(BUNDLE_EXECUTABLE_FOLDER_PATH)/Hood Swift";
			};
			name = Release;
		};
		7F3506D42A91E2F70072EAAB /* Debug */ = {
			isa = XCBuildConfiguration;
			buildSettings = {
				ALWAYS_EMBED_SWIFT_STANDARD_LIBRARIES = YES;
				CODE_SIGN_STYLE = Automatic;
				CURRENT_PROJECT_VERSION = 1;
				DEVELOPMENT_TEAM = V22SRJBXN7;
				GENERATE_INFOPLIST_FILE = YES;
				MARKETING_VERSION = 1.0;
				PRODUCT_BUNDLE_IDENTIFIER = "hood.Hood-SwiftUITests";
				PRODUCT_NAME = "$(TARGET_NAME)";
				SWIFT_EMIT_LOC_STRINGS = NO;
				SWIFT_VERSION = 5.0;
				TARGETED_DEVICE_FAMILY = "1,2";
				TEST_TARGET_NAME = "Hood Swift";
			};
			name = Debug;
		};
		7F3506D52A91E2F70072EAAB /* Release */ = {
			isa = XCBuildConfiguration;
			buildSettings = {
				ALWAYS_EMBED_SWIFT_STANDARD_LIBRARIES = YES;
				CODE_SIGN_STYLE = Automatic;
				CURRENT_PROJECT_VERSION = 1;
				DEVELOPMENT_TEAM = V22SRJBXN7;
				GENERATE_INFOPLIST_FILE = YES;
				MARKETING_VERSION = 1.0;
				PRODUCT_BUNDLE_IDENTIFIER = "hood.Hood-SwiftUITests";
				PRODUCT_NAME = "$(TARGET_NAME)";
				SWIFT_EMIT_LOC_STRINGS = NO;
				SWIFT_VERSION = 5.0;
				TARGETED_DEVICE_FAMILY = "1,2";
				TEST_TARGET_NAME = "Hood Swift";
			};
			name = Release;
		};
/* End XCBuildConfiguration section */

/* Begin XCConfigurationList section */
		7F3506A42A91E2F40072EAAB /* Build configuration list for PBXProject "Hood Swift" */ = {
			isa = XCConfigurationList;
			buildConfigurations = (
				7F3506CB2A91E2F70072EAAB /* Debug */,
				7F3506CC2A91E2F70072EAAB /* Release */,
			);
			defaultConfigurationIsVisible = 0;
			defaultConfigurationName = Release;
		};
		7F3506CD2A91E2F70072EAAB /* Build configuration list for PBXNativeTarget "Hood Swift" */ = {
			isa = XCConfigurationList;
			buildConfigurations = (
				7F3506CE2A91E2F70072EAAB /* Debug */,
				7F3506CF2A91E2F70072EAAB /* Release */,
			);
			defaultConfigurationIsVisible = 0;
			defaultConfigurationName = Release;
		};
		7F3506D02A91E2F70072EAAB /* Build configuration list for PBXNativeTarget "Hood SwiftTests" */ = {
			isa = XCConfigurationList;
			buildConfigurations = (
				7F3506D12A91E2F70072EAAB /* Debug */,
				7F3506D22A91E2F70072EAAB /* Release */,
			);
			defaultConfigurationIsVisible = 0;
			defaultConfigurationName = Release;
		};
		7F3506D32A91E2F70072EAAB /* Build configuration list for PBXNativeTarget "Hood SwiftUITests" */ = {
			isa = XCConfigurationList;
			buildConfigurations = (
				7F3506D42A91E2F70072EAAB /* Debug */,
				7F3506D52A91E2F70072EAAB /* Release */,
			);
			defaultConfigurationIsVisible = 0;
			defaultConfigurationName = Release;
		};
/* End XCConfigurationList section */
	};
	rootObject = 7F3506A12A91E2F40072EAAB /* Project object */;
}
